
Microsoft Visual Studio Solution File, Format Version 12.00
# Visual Studio 15
VisualStudioVersion = 15.0.28307.572
MinimumVisualStudioVersion = 10.0.40219.1
Project("{FAE04EC0-301F-11D3-BF4B-00C04F79EFBC}") = "GameCounter", "GameCounter\GameCounter.csproj", "{06EC46A6-2F85-43D9-BD4B-316FECB93716}"
EndProject
Project("{FAE04EC0-301F-11D3-BF4B-00C04F79EFBC}") = "GameCounterTest", "GameCounterTest\GameCounterTest.csproj", "{EA7C8A50-6680-48B6-90B8-217D22A83ED6}"
EndProject
Global
	GlobalSection(SolutionConfigurationPlatforms) = preSolution
		Debug|Any CPU = Debug|Any CPU
		Release|Any CPU = Release|Any CPU
	EndGlobalSection
	GlobalSection(ProjectConfigurationPlatforms) = postSolution
		{06EC46A6-2F85-43D9-BD4B-316FECB93716}.Debug|Any CPU.ActiveCfg = Debug|Any CPU
		{06EC46A6-2F85-43D9-BD4B-316FECB93716}.Debug|Any CPU.Build.0 = Debug|Any CPU
		{06EC46A6-2F85-43D9-BD4B-316FECB93716}.Release|Any CPU.ActiveCfg = Release|Any CPU
		{06EC46A6-2F85-43D9-BD4B-316FECB93716}.Release|Any CPU.Build.0 = Release|Any CPU
		{EA7C8A50-6680-48B6-90B8-217D22A83ED6}.Debug|Any CPU.ActiveCfg = Debug|Any CPU
		{EA7C8A50-6680-48B6-90B8-217D22A83ED6}.Debug|Any CPU.Build.0 = Debug|Any CPU
		{EA7C8A50-6680-48B6-90B8-217D22A83ED6}.Release|Any CPU.ActiveCfg = Release|Any CPU
		{EA7C8A50-6680-48B6-90B8-217D22A83ED6}.Release|Any CPU.Build.0 = Release|Any CPU
	EndGlobalSection
	GlobalSection(SolutionProperties) = preSolution
		HideSolutionNode = FALSE
	EndGlobalSection
	GlobalSection(ExtensibilityGlobals) = postSolution
		SolutionGuid = {F620DB88-07A3-4E87-AFAE-4ECF2413B599}
	EndGlobalSection
EndGlobal
